
Microsoft Visual Studio Solution File, Format Version 12.00
# Visual Studio Version 16
VisualStudioVersion = 16.0.29926.136
MinimumVisualStudioVersion = 10.0.40219.1
Project("{FAE04EC0-301F-11D3-BF4B-00C04F79EFBC}") = "CrewFourtySeven.Extensions.DependencyInjection", "CrewFourtySeven.Extensions.DependencyInjection\CrewFourtySeven.Extensions.DependencyInjection.csproj", "{06752419-EE9D-445D-861A-5DAFCF537E48}"
EndProject
Project("{FAE04EC0-301F-11D3-BF4B-00C04F79EFBC}") = "CrewFourtySeven.Extensions.DependencyInjection.Tests", "CrewFourtySeven.Extensions.DependencyInjection.Tests\CrewFourtySeven.Extensions.DependencyInjection.Tests.csproj", "{3C9116D4-325F-4BD4-BE1E-036B908E2D02}"
EndProject
Global
	GlobalSection(SolutionConfigurationPlatforms) = preSolution
		Debug|Any CPU = Debug|Any CPU
		Release|Any CPU = Release|Any CPU
	EndGlobalSection
	GlobalSection(ProjectConfigurationPlatforms) = postSolution
		{06752419-EE9D-445D-861A-5DAFCF537E48}.Debug|Any CPU.ActiveCfg = Debug|Any CPU
		{06752419-EE9D-445D-861A-5DAFCF537E48}.Debug|Any CPU.Build.0 = Debug|Any CPU
		{06752419-EE9D-445D-861A-5DAFCF537E48}.Release|Any CPU.ActiveCfg = Release|Any CPU
		{06752419-EE9D-445D-861A-5DAFCF537E48}.Release|Any CPU.Build.0 = Release|Any CPU
		{3C9116D4-325F-4BD4-BE1E-036B908E2D02}.Debug|Any CPU.ActiveCfg = Debug|Any CPU
		{3C9116D4-325F-4BD4-BE1E-036B908E2D02}.Debug|Any CPU.Build.0 = Debug|Any CPU
		{3C9116D4-325F-4BD4-BE1E-036B908E2D02}.Release|Any CPU.ActiveCfg = Release|Any CPU
		{3C9116D4-325F-4BD4-BE1E-036B908E2D02}.Release|Any CPU.Build.0 = Release|Any CPU
	EndGlobalSection
	GlobalSection(SolutionProperties) = preSolution
		HideSolutionNode = FALSE
	EndGlobalSection
	GlobalSection(ExtensibilityGlobals) = postSolution
		SolutionGuid = {97B8ECD5-E0B3-4F28-B690-4B7440E2D935}
	EndGlobalSection
EndGlobal
